github.com/google/go-cmp v0.6.0 h1:ofyhxvXcZhMsU5ulbFiLKl/XBFqE1GSq7atu8tAmTRI=
github.com/google/go-cmp v0.6.0/go.mod h1:17dUlkBOakJ0+DkrSSNjCkIjxS6bF9zb3elmeNGIjoY=
google.golang.org/genproto v0.0.0-20240227224415-6ceb2ff114de h1:F6qOa9AZTYJXOUEr4jDysRDLrm4PHePlge4v4TGAlxY=
google.golang.org/genproto v0.0.0-20240227224415-6ceb2ff114de/go.mod h1:VUhTRKeHn9wwcdrk73nvdC9gF178Tzhmt/qyaFcPLSo=
google.golang.org/genproto/googleapis/api v0.0.0-20240227224415-6ceb2ff114de h1:jFNzHPIeuzhdRwVhbZdiym9q0ory/xY3sA+v2wPg8I0=
google.golang.org/genproto/googleapis/api v0.0.0-20240227224415-6ceb2ff114de/go.mod h1:5iCWqnniDlqZHrd3neWVTOwvh/v6s3232omMecelax8=
google.golang.org/protobuf v1.35.2 h1:8Ar7bF+apOIoThw1EdZl0p1oWvMqTHmpA2fRTyZO8io=
google.golang.org/protobuf v1.35.2/go.mod h1:9fA7Ob0pmnwhb644+1+CVWFRbNajQ6iRojtC/QF5bRE=
